// !$*UTF8*$!
{
	archiveVersion = 1;
	classes = {
	};
	objectVersion = 56;
	objects = {

/* Begin PBXBuildFile section */
		CE0682E12A484FB800F47A78 /* SignAddPage.swift in Sources */ = {isa = PBXBuildFile; fileRef = CE0682E02A484FB800F47A78 /* SignAddPage.swift */; };
		CE0682E32A496D6A00F47A78 /* GoogleService-Info.plist in Resources */ = {isa = PBXBuildFile; fileRef = CE0682E22A496D6A00F47A78 /* GoogleService-Info.plist */; };
		CE0682E62A49EA6000F47A78 /* FirebaseAnalytics in Frameworks */ = {isa = PBXBuildFile; productRef = CE0682E52A49EA6000F47A78 /* FirebaseAnalytics */; };
		CE0682E82A49EA6000F47A78 /* FirebaseAuth in Frameworks */ = {isa = PBXBuildFile; productRef = CE0682E72A49EA6000F47A78 /* FirebaseAuth */; };
		CE0682EA2A4A001A00F47A78 /* SignAddViewModel.swift in Sources */ = {isa = PBXBuildFile; fileRef = CE0682E92A4A001A00F47A78 /* SignAddViewModel.swift */; };
		CE0682ED2A4A08D600F47A78 /* FirebaseFirestore in Frameworks */ = {isa = PBXBuildFile; productRef = CE0682EC2A4A08D600F47A78 /* FirebaseFirestore */; };
		CE0682EF2A4A21E800F47A78 /* SignAddPw.swift in Sources */ = {isa = PBXBuildFile; fileRef = CE0682EE2A4A21E800F47A78 /* SignAddPw.swift */; };
		CE0682F12A4AC73800F47A78 /* SignAddFinal.swift in Sources */ = {isa = PBXBuildFile; fileRef = CE0682F02A4AC73800F47A78 /* SignAddFinal.swift */; };
		CE0682F32A4B14E400F47A78 /* SignInPage.swift in Sources */ = {isa = PBXBuildFile; fileRef = CE0682F22A4B14E400F47A78 /* SignInPage.swift */; };
		CE2B93F52A4B2B99003F25E1 /* FindIdOrPwPage.swift in Sources */ = {isa = PBXBuildFile; fileRef = CE2B93F42A4B2B99003F25E1 /* FindIdOrPwPage.swift */; };
		CE2B93F92A4B4274003F25E1 /* HomeViewController.swift in Sources */ = {isa = PBXBuildFile; fileRef = CE2B93F82A4B4274003F25E1 /* HomeViewController.swift */; };
		CEAB188B2978582200067573 /* AppDelegate.swift in Sources */ = {isa = PBXBuildFile; fileRef = CEAB188A2978582200067573 /* AppDelegate.swift */; };
		CEAB188D2978582200067573 /* SceneDelegate.swift in Sources */ = {isa = PBXBuildFile; fileRef = CEAB188C2978582200067573 /* SceneDelegate.swift */; };
		CEAB188F2978582200067573 /* ViewController.swift in Sources */ = {isa = PBXBuildFile; fileRef = CEAB188E2978582200067573 /* ViewController.swift */; };
		CEAB18922978582200067573 /* Main.storyboard in Resources */ = {isa = PBXBuildFile; fileRef = CEAB18902978582200067573 /* Main.storyboard */; };
		CEAB18942978582400067573 /* Assets.xcassets in Resources */ = {isa = PBXBuildFile; fileRef = CEAB18932978582400067573 /* Assets.xcassets */; };
		CEAB18972978582400067573 /* LaunchScreen.storyboard in Resources */ = {isa = PBXBuildFile; fileRef = CEAB18952978582400067573 /* LaunchScreen.storyboard */; };
/* End PBXBuildFile section */

/* Begin PBXFileReference section */
		CE0682E02A484FB800F47A78 /* SignAddPage.swift */ = {isa = PBXFileReference; lastKnownFileType = sourcecode.swift; path = SignAddPage.swift; sourceTree = "<group>"; };
		CE0682E22A496D6A00F47A78 /* GoogleService-Info.plist */ = {isa = PBXFileReference; fileEncoding = 4; lastKnownFileType = text.plist.xml; name = "GoogleService-Info.plist"; path = "../../../../Downloads/GoogleService-Info.plist"; sourceTree = "<group>"; };
		CE0682E92A4A001A00F47A78 /* SignAddViewModel.swift */ = {isa = PBXFileReference; lastKnownFileType = sourcecode.swift; path = SignAddViewModel.swift; sourceTree = "<group>"; };
		CE0682EE2A4A21E800F47A78 /* SignAddPw.swift */ = {isa = PBXFileReference; lastKnownFileType = sourcecode.swift; path = SignAddPw.swift; sourceTree = "<group>"; };
		CE0682F02A4AC73800F47A78 /* SignAddFinal.swift */ = {isa = PBXFileReference; lastKnownFileType = sourcecode.swift; path = SignAddFinal.swift; sourceTree = "<group>"; };
		CE0682F22A4B14E400F47A78 /* SignInPage.swift */ = {isa = PBXFileReference; lastKnownFileType = sourcecode.swift; path = SignInPage.swift; sourceTree = "<group>"; };
		CE2B93F42A4B2B99003F25E1 /* FindIdOrPwPage.swift */ = {isa = PBXFileReference; lastKnownFileType = sourcecode.swift; path = FindIdOrPwPage.swift; sourceTree = "<group>"; };
		CE2B93F82A4B4274003F25E1 /* HomeViewController.swift */ = {isa = PBXFileReference; lastKnownFileType = sourcecode.swift; path = HomeViewController.swift; sourceTree = "<group>"; };
		CEAB18872978582200067573 /* arishpractice.app */ = {isa = PBXFileReference; explicitFileType = wrapper.application; includeInIndex = 0; path = arishpractice.app; sourceTree = BUILT_PRODUCTS_DIR; };
		CEAB188A2978582200067573 /* AppDelegate.swift */ = {isa = PBXFileReference; lastKnownFileType = sourcecode.swift; path = AppDelegate.swift; sourceTree = "<group>"; };
		CEAB188C2978582200067573 /* SceneDelegate.swift */ = {isa = PBXFileReference; lastKnownFileType = sourcecode.swift; path = SceneDelegate.swift; sourceTree = "<group>"; };
		CEAB188E2978582200067573 /* ViewController.swift */ = {isa = PBXFileReference; lastKnownFileType = sourcecode.swift; path = ViewController.swift; sourceTree = "<group>"; };
		CEAB18912978582200067573 /* Base */ = {isa = PBXFileReference; lastKnownFileType = file.storyboard; name = Base; path = Base.lproj/Main.storyboard; sourceTree = "<group>"; };
		CEAB18932978582400067573 /* Assets.xcassets */ = {isa = PBXFileReference; lastKnownFileType = folder.assetcatalog; path = Assets.xcassets; sourceTree = "<group>"; };
		CEAB18962978582400067573 /* Base */ = {isa = PBXFileReference; lastKnownFileType = file.storyboard; name = Base; path = Base.lproj/LaunchScreen.storyboard; sourceTree = "<group>"; };
		CEAB18982978582400067573 /* Info.plist */ = {isa = PBXFileReference; lastKnownFileType = text.plist.xml; path = Info.plist; sourceTree = "<group>"; };
/* End PBXFileReference section */

/* Begin PBXFrameworksBuildPhase section */
		CEAB18842978582200067573 /* Frameworks */ = {
			isa = PBXFrameworksBuildPhase;
			buildActionMask = 2147483647;
			files = (
				CE0682E62A49EA6000F47A78 /* FirebaseAnalytics in Frameworks */,
				CE0682E82A49EA6000F47A78 /* FirebaseAuth in Frameworks */,
				CE0682ED2A4A08D600F47A78 /* FirebaseFirestore in Frameworks */,
			);
			runOnlyForDeploymentPostprocessing = 0;
		};
/* End PBXFrameworksBuildPhase section */

/* Begin PBXGroup section */
		CE0682EB2A4A08D600F47A78 /* Frameworks */ = {
			isa = PBXGroup;
			children = (
			);
			name = Frameworks;
			sourceTree = "<group>";
		};
		CEAB187E2978582200067573 = {
			isa = PBXGroup;
			children = (
				CEAB18892978582200067573 /* arishpractice */,
				CEAB18882978582200067573 /* Products */,
				CE0682EB2A4A08D600F47A78 /* Frameworks */,
			);
			sourceTree = "<group>";
		};
		CEAB18882978582200067573 /* Products */ = {
			isa = PBXGroup;
			children = (
				CEAB18872978582200067573 /* arishpractice.app */,
			);
			name = Products;
			sourceTree = "<group>";
		};
		CEAB18892978582200067573 /* arishpractice */ = {
			isa = PBXGroup;
			children = (
				CE0682E22A496D6A00F47A78 /* GoogleService-Info.plist */,
				CEAB188A2978582200067573 /* AppDelegate.swift */,
				CEAB188C2978582200067573 /* SceneDelegate.swift */,
				CE0682F02A4AC73800F47A78 /* SignAddFinal.swift */,
				CE0682F22A4B14E400F47A78 /* SignInPage.swift */,
				CE0682E02A484FB800F47A78 /* SignAddPage.swift */,
				CE0682E92A4A001A00F47A78 /* SignAddViewModel.swift */,
				CE2B93F42A4B2B99003F25E1 /* FindIdOrPwPage.swift */,
				CEAB188E2978582200067573 /* ViewController.swift */,
				CEAB18902978582200067573 /* Main.storyboard */,
				CE2B93F82A4B4274003F25E1 /* HomeViewController.swift */,
				CE0682EE2A4A21E800F47A78 /* SignAddPw.swift */,
				CEAB18932978582400067573 /* Assets.xcassets */,
				CEAB18952978582400067573 /* LaunchScreen.storyboard */,
				CEAB18982978582400067573 /* Info.plist */,
			);
			path = arishpractice;
			sourceTree = "<group>";
		};
/* End PBXGroup section */

/* Begin PBXNativeTarget section */
		CEAB18862978582200067573 /* arishpractice */ = {
			isa = PBXNativeTarget;
			buildConfigurationList = CEAB189B2978582400067573 /* Build configuration list for PBXNativeTarget "arishpractice" */;
			buildPhases = (
				CEAB18832978582200067573 /* Sources */,
				CEAB18842978582200067573 /* Frameworks */,
				CEAB18852978582200067573 /* Resources */,
			);
			buildRules = (
			);
			dependencies = (
			);
			name = arishpractice;
			packageProductDependencies = (
				CE0682E52A49EA6000F47A78 /* FirebaseAnalytics */,
				CE0682E72A49EA6000F47A78 /* FirebaseAuth */,
				CE0682EC2A4A08D600F47A78 /* FirebaseFirestore */,
			);
			productName = arishpractice;
			productReference = CEAB18872978582200067573 /* arishpractice.app */;
			productType = "com.apple.product-type.application";
		};
/* End PBXNativeTarget section */

/* Begin PBXProject section */
		CEAB187F2978582200067573 /* Project object */ = {
			isa = PBXProject;
			attributes = {
				BuildIndependentTargetsInParallel = 1;
				LastSwiftUpdateCheck = 1420;
				LastUpgradeCheck = 1420;
				TargetAttributes = {
					CEAB18862978582200067573 = {
						CreatedOnToolsVersion = 14.2;
					};
				};
			};
			buildConfigurationList = CEAB18822978582200067573 /* Build configuration list for PBXProject "arishpractice" */;
			compatibilityVersion = "Xcode 14.0";
			developmentRegion = en;
			hasScannedForEncodings = 0;
			knownRegions = (
				en,
				Base,
			);
			mainGroup = CEAB187E2978582200067573;
			packageReferences = (
				CE0682E42A49EA6000F47A78 /* XCRemoteSwiftPackageReference "firebase-ios-sdk" */,
			);
			productRefGroup = CEAB18882978582200067573 /* Products */;
			projectDirPath = "";
			projectRoot = "";
			targets = (
				CEAB18862978582200067573 /* arishpractice */,
			);
		};
/* End PBXProject section */

/* Begin PBXResourcesBuildPhase section */
		CEAB18852978582200067573 /* Resources */ = {
			isa = PBXResourcesBuildPhase;
			buildActionMask = 2147483647;
			files = (
				CEAB18972978582400067573 /* LaunchScreen.storyboard in Resources */,
				CE0682E32A496D6A00F47A78 /* GoogleService-Info.plist in Resources */,
				CEAB18942978582400067573 /* Assets.xcassets in Resources */,
				CEAB18922978582200067573 /* Main.storyboard in Resources */,
			);
			runOnlyForDeploymentPostprocessing = 0;
		};
/* End PBXResourcesBuildPhase section */

/* Begin PBXSourcesBuildPhase section */
		CEAB18832978582200067573 /* Sources */ = {
			isa = PBXSourcesBuildPhase;
			buildActionMask = 2147483647;
			files = (
				CE0682F32A4B14E400F47A78 /* SignInPage.swift in Sources */,
				CE2B93F52A4B2B99003F25E1 /* FindIdOrPwPage.swift in Sources */,
				CE0682E12A484FB800F47A78 /* SignAddPage.swift in Sources */,
				CE0682F12A4AC73800F47A78 /* SignAddFinal.swift in Sources */,
				CE0682EF2A4A21E800F47A78 /* SignAddPw.swift in Sources */,
				CEAB188F2978582200067573 /* ViewController.swift in Sources */,
				CE2B93F92A4B4274003F25E1 /* HomeViewController.swift in Sources */,
				CE0682EA2A4A001A00F47A78 /* SignAddViewModel.swift in Sources */,
				CEAB188B2978582200067573 /* AppDelegate.swift in Sources */,
				CEAB188D2978582200067573 /* SceneDelegate.swift in Sources */,
			);
			runOnlyForDeploymentPostprocessing = 0;
		};
/* End PBXSourcesBuildPhase section */

/* Begin PBXVariantGroup section */
		CEAB18902978582200067573 /* Main.storyboard */ = {
			isa = PBXVariantGroup;
			children = (
				CEAB18912978582200067573 /* Base */,
			);
			name = Main.storyboard;
			sourceTree = "<group>";
		};
		CEAB18952978582400067573 /* LaunchScreen.storyboard */ = {
			isa = PBXVariantGroup;
			children = (
				CEAB18962978582400067573 /* Base */,
			);
			name = LaunchScreen.storyboard;
			sourceTree = "<group>";
		};
/* End PBXVariantGroup section */

/* Begin XCBuildConfiguration section */
		CEAB18992978582400067573 /* Debug */ = {
			isa = XCBuildConfiguration;
			buildSettings = {
				ALWAYS_SEARCH_USER_PATHS = NO;
				CLANG_ANALYZER_NONNULL = YES;
				CLANG_ANALYZER_NUMBER_OBJECT_CONVERSION = YES_AGGRESSIVE;
				CLANG_CXX_LANGUAGE_STANDARD = "gnu++20";
				CLANG_ENABLE_MODULES = YES;
				CLANG_ENABLE_OBJC_ARC = YES;
				CLANG_ENABLE_OBJC_WEAK = YES;
				CLANG_WARN_BLOCK_CAPTURE_AUTORELEASING = YES;
				CLANG_WARN_BOOL_CONVERSION = YES;
				CLANG_WARN_COMMA = YES;
				CLANG_WARN_CONSTANT_CONVERSION = YES;
				CLANG_WARN_DEPRECATED_OBJC_IMPLEMENTATIONS = YES;
				CLANG_WARN_DIRECT_OBJC_ISA_USAGE = YES_ERROR;
				CLANG_WARN_DOCUMENTATION_COMMENTS = YES;
				CLANG_WARN_EMPTY_BODY = YES;
				CLANG_WARN_ENUM_CONVERSION = YES;
				CLANG_WARN_INFINITE_RECURSION = YES;
				CLANG_WARN_INT_CONVERSION = YES;
				CLANG_WARN_NON_LITERAL_NULL_CONVERSION = YES;
				CLANG_WARN_OBJC_IMPLICIT_RETAIN_SELF = YES;
				CLANG_WARN_OBJC_LITERAL_CONVERSION = YES;
				CLANG_WARN_OBJC_ROOT_CLASS = YES_ERROR;
				CLANG_WARN_QUOTED_INCLUDE_IN_FRAMEWORK_HEADER = YES;
				CLANG_WARN_RANGE_LOOP_ANALYSIS = YES;
				CLANG_WARN_STRICT_PROTOTYPES = YES;
				CLANG_WARN_SUSPICIOUS_MOVE = YES;
				CLANG_WARN_UNGUARDED_AVAILABILITY = YES_AGGRESSIVE;
				CLANG_WARN_UNREACHABLE_CODE = YES;
				CLANG_WARN__DUPLICATE_METHOD_MATCH = YES;
				COPY_PHASE_STRIP = NO;
				DEBUG_INFORMATION_FORMAT = dwarf;
				ENABLE_STRICT_OBJC_MSGSEND = YES;
				ENABLE_TESTABILITY = YES;
				GCC_C_LANGUAGE_STANDARD = gnu11;
				GCC_DYNAMIC_NO_PIC = NO;
				GCC_NO_COMMON_BLOCKS = YES;
				GCC_OPTIMIZATION_LEVEL = 0;
				GCC_PREPROCESSOR_DEFINITIONS = (
					"DEBUG=1",
					"$(inherited)",
				);
				GCC_WARN_64_TO_32_BIT_CONVERSION = YES;
				GCC_WARN_ABOUT_RETURN_TYPE = YES_ERROR;
				GCC_WARN_UNDECLARED_SELECTOR = YES;
				GCC_WARN_UNINITIALIZED_AUTOS = YES_AGGRESSIVE;
				GCC_WARN_UNUSED_FUNCTION = YES;
				GCC_WARN_UNUSED_VARIABLE = YES;
				IPHONEOS_DEPLOYMENT_TARGET = 16.2;
				MTL_ENABLE_DEBUG_INFO = INCLUDE_SOURCE;
				MTL_FAST_MATH = YES;
				ONLY_ACTIVE_ARCH = YES;
				SDKROOT = iphoneos;
				SWIFT_ACTIVE_COMPILATION_CONDITIONS = DEBUG;
				SWIFT_OPTIMIZATION_LEVEL = "-Onone";
			};
			name = Debug;
		};
		CEAB189A2978582400067573 /* Release */ = {
			isa = XCBuildConfiguration;
			buildSettings = {
				ALWAYS_SEARCH_USER_PATHS = NO;
				CLANG_ANALYZER_NONNULL = YES;
				CLANG_ANALYZER_NUMBER_OBJECT_CONVERSION = YES_AGGRESSIVE;
				CLANG_CXX_LANGUAGE_STANDARD = "gnu++20";
				CLANG_ENABLE_MODULES = YES;
				CLANG_ENABLE_OBJC_ARC = YES;
				CLANG_ENABLE_OBJC_WEAK = YES;
				CLANG_WARN_BLOCK_CAPTURE_AUTORELEASING = YES;
				CLANG_WARN_BOOL_CONVERSION = YES;
				CLANG_WARN_COMMA = YES;
				CLANG_WARN_CONSTANT_CONVERSION = YES;
				CLANG_WARN_DEPRECATED_OBJC_IMPLEMENTATIONS = YES;
				CLANG_WARN_DIRECT_OBJC_ISA_USAGE = YES_ERROR;
				CLANG_WARN_DOCUMENTATION_COMMENTS = YES;
				CLANG_WARN_EMPTY_BODY = YES;
				CLANG_WARN_ENUM_CONVERSION = YES;
				CLANG_WARN_INFINITE_RECURSION = YES;
				CLANG_WARN_INT_CONVERSION = YES;
				CLANG_WARN_NON_LITERAL_NULL_CONVERSION = YES;
				CLANG_WARN_OBJC_IMPLICIT_RETAIN_SELF = YES;
				CLANG_WARN_OBJC_LITERAL_CONVERSION = YES;
				CLANG_WARN_OBJC_ROOT_CLASS = YES_ERROR;
				CLANG_WARN_QUOTED_INCLUDE_IN_FRAMEWORK_HEADER = YES;
				CLANG_WARN_RANGE_LOOP_ANALYSIS = YES;
				CLANG_WARN_STRICT_PROTOTYPES = YES;
				CLANG_WARN_SUSPICIOUS_MOVE = YES;
				CLANG_WARN_UNGUARDED_AVAILABILITY = YES_AGGRESSIVE;
				CLANG_WARN_UNREACHABLE_CODE = YES;
				CLANG_WARN__DUPLICATE_METHOD_MATCH = YES;
				COPY_PHASE_STRIP = NO;
				DEBUG_INFORMATION_FORMAT = "dwarf-with-dsym";
				ENABLE_NS_ASSERTIONS = NO;
				ENABLE_STRICT_OBJC_MSGSEND = YES;
				GCC_C_LANGUAGE_STANDARD = gnu11;
				GCC_NO_COMMON_BLOCKS = YES;
				GCC_WARN_64_TO_32_BIT_CONVERSION = YES;
				GCC_WARN_ABOUT_RETURN_TYPE = YES_ERROR;
				GCC_WARN_UNDECLARED_SELECTOR = YES;
				GCC_WARN_UNINITIALIZED_AUTOS = YES_AGGRESSIVE;
				GCC_WARN_UNUSED_FUNCTION = YES;
				GCC_WARN_UNUSED_VARIABLE = YES;
				IPHONEOS_DEPLOYMENT_TARGET = 16.2;
				MTL_ENABLE_DEBUG_INFO = NO;
				MTL_FAST_MATH = YES;
				SDKROOT = iphoneos;
				SWIFT_COMPILATION_MODE = wholemodule;
				SWIFT_OPTIMIZATION_LEVEL = "-O";
				VALIDATE_PRODUCT = YES;
			};
			name = Release;
		};
		CEAB189C2978582400067573 /* Debug */ = {
			isa = XCBuildConfiguration;
			buildSettings = {
				ASSETCATALOG_COMPILER_APPICON_NAME = AppIcon;
				ASSETCATALOG_COMPILER_GLOBAL_ACCENT_COLOR_NAME = AccentColor;
				CODE_SIGN_STYLE = Automatic;
				CURRENT_PROJECT_VERSION = 1;
				GENERATE_INFOPLIST_FILE = YES;
				INFOPLIST_FILE = arishpractice/Info.plist;
				INFOPLIST_KEY_UIApplicationSupportsIndirectInputEvents = YES;
				INFOPLIST_KEY_UILaunchStoryboardName = LaunchScreen;
				INFOPLIST_KEY_UIMainStoryboardFile = Main;
				INFOPLIST_KEY_UISupportedInterfaceOrientations_iPad = "UIInterfaceOrientationPortrait UIInterfaceOrientationPortraitUpsideDown UIInterfaceOrientationLandscapeLeft UIInterfaceOrientationLandscapeRight";
				INFOPLIST_KEY_UISupportedInterfaceOrientations_iPhone = "UIInterfaceOrientationPortrait UIInterfaceOrientationLandscapeLeft UIInterfaceOrientationLandscapeRight";
				LD_RUNPATH_SEARCH_PATHS = (
					"$(inherited)",
					"@executable_path/Frameworks",
				);
				MARKETING_VERSION = 1.0;
				PRODUCT_BUNDLE_IDENTIFIER = net.user.arishpractice;
				PRODUCT_NAME = "$(TARGET_NAME)";
				SWIFT_EMIT_LOC_STRINGS = YES;
				SWIFT_VERSION = 5.0;
				TARGETED_DEVICE_FAMILY = "1,2";
			};
			name = Debug;
		};
		CEAB189D2978582400067573 /* Release */ = {
			isa = XCBuildConfiguration;
			buildSettings = {
				ASSETCATALOG_COMPILER_APPICON_NAME = AppIcon;
				ASSETCATALOG_COMPILER_GLOBAL_ACCENT_COLOR_NAME = AccentColor;
				CODE_SIGN_STYLE = Automatic;
				CURRENT_PROJECT_VERSION = 1;
				GENERATE_INFOPLIST_FILE = YES;
				INFOPLIST_FILE = arishpractice/Info.plist;
				INFOPLIST_KEY_UIApplicationSupportsIndirectInputEvents = YES;
				INFOPLIST_KEY_UILaunchStoryboardName = LaunchScreen;
				INFOPLIST_KEY_UIMainStoryboardFile = Main;
				INFOPLIST_KEY_UISupportedInterfaceOrientations_iPad = "UIInterfaceOrientationPortrait UIInterfaceOrientationPortraitUpsideDown UIInterfaceOrientationLandscapeLeft UIInterfaceOrientationLandscapeRight";
				INFOPLIST_KEY_UISupportedInterfaceOrientations_iPhone = "UIInterfaceOrientationPortrait UIInterfaceOrientationLandscapeLeft UIInterfaceOrientationLandscapeRight";
				LD_RUNPATH_SEARCH_PATHS = (
					"$(inherited)",
					"@executable_path/Frameworks",
				);
				MARKETING_VERSION = 1.0;
				PRODUCT_BUNDLE_IDENTIFIER = net.user.arishpractice;
				PRODUCT_NAME = "$(TARGET_NAME)";
				SWIFT_EMIT_LOC_STRINGS = YES;
				SWIFT_VERSION = 5.0;
				TARGETED_DEVICE_FAMILY = "1,2";
			};
			name = Release;
		};
/* End XCBuildConfiguration section */

/* Begin XCConfigurationList section */
		CEAB18822978582200067573 /* Build configuration list for PBXProject "arishpractice" */ = {
			isa = XCConfigurationList;
			buildConfigurations = (
				CEAB18992978582400067573 /* Debug */,
				CEAB189A2978582400067573 /* Release */,
			);
			defaultConfigurationIsVisible = 0;
			defaultConfigurationName = Release;
		};
		CEAB189B2978582400067573 /* Build configuration list for PBXNativeTarget "arishpractice" */ = {
			isa = XCConfigurationList;
			buildConfigurations = (
				CEAB189C2978582400067573 /* Debug */,
				CEAB189D2978582400067573 /* Release */,
			);
			defaultConfigurationIsVisible = 0;
			defaultConfigurationName = Release;
		};
/* End XCConfigurationList section */

/* Begin XCRemoteSwiftPackageReference section */
		CE0682E42A49EA6000F47A78 /* XCRemoteSwiftPackageReference "firebase-ios-sdk" */ = {
			isa = XCRemoteSwiftPackageReference;
			repositoryURL = "https://github.com/firebase/firebase-ios-sdk";
			requirement = {
				kind = upToNextMajorVersion;
				minimumVersion = 9.0.0;
			};
		};
/* End XCRemoteSwiftPackageReference section */

/* Begin XCSwiftPackageProductDependency section */
		CE0682E52A49EA6000F47A78 /* FirebaseAnalytics */ = {
			isa = XCSwiftPackageProductDependency;
			package = CE0682E42A49EA6000F47A78 /* XCRemoteSwiftPackageReference "firebase-ios-sdk" */;
			productName = FirebaseAnalytics;
		};
		CE0682E72A49EA6000F47A78 /* FirebaseAuth */ = {
			isa = XCSwiftPackageProductDependency;
			package = CE0682E42A49EA6000F47A78 /* XCRemoteSwiftPackageReference "firebase-ios-sdk" */;
			productName = FirebaseAuth;
		};
		CE0682EC2A4A08D600F47A78 /* FirebaseFirestore */ = {
			isa = XCSwiftPackageProductDependency;
			package = CE0682E42A49EA6000F47A78 /* XCRemoteSwiftPackageReference "firebase-ios-sdk" */;
			productName = FirebaseFirestore;
		};
/* End XCSwiftPackageProductDependency section */
	};
	rootObject = CEAB187F2978582200067573 /* Project object */;
}
